
Microsoft Visual Studio Solution File, Format Version 12.00
# Visual Studio 14
VisualStudioVersion = 14.0.22528.0
MinimumVisualStudioVersion = 10.0.40219.1
Project("{FAE04EC0-301F-11D3-BF4B-00C04F79EFBC}") = "Argo", "argo\Argo.csproj", "{1FFDC5FC-2FFC-40B4-8BE5-013D23F72DAE}"
EndProject
Project("{FAE04EC0-301F-11D3-BF4B-00C04F79EFBC}") = "Test", "Test\Test.csproj", "{7649B6A1-7F54-44B2-B720-509B58AF4A19}"
EndProject
Project("{FAE04EC0-301F-11D3-BF4B-00C04F79EFBC}") = "PerfTests", "PerfTests\PerfTests.csproj", "{5157AE57-18D4-4D8A-8F1F-F92DC0016771}"
EndProject
Project("{FAE04EC0-301F-11D3-BF4B-00C04F79EFBC}") = "UnitTests", "UnitTests\UnitTests.csproj", "{E2A00BE3-085B-42E1-BC2F-E91A43ED162C}"
EndProject
Global
	GlobalSection(SolutionConfigurationPlatforms) = preSolution
		Debug|Any CPU = Debug|Any CPU
		Release|Any CPU = Release|Any CPU
	EndGlobalSection
	GlobalSection(ProjectConfigurationPlatforms) = postSolution
		{1FFDC5FC-2FFC-40B4-8BE5-013D23F72DAE}.Debug|Any CPU.ActiveCfg = Debug|Any CPU
		{1FFDC5FC-2FFC-40B4-8BE5-013D23F72DAE}.Debug|Any CPU.Build.0 = Debug|Any CPU
		{1FFDC5FC-2FFC-40B4-8BE5-013D23F72DAE}.Release|Any CPU.ActiveCfg = Release|Any CPU
		{1FFDC5FC-2FFC-40B4-8BE5-013D23F72DAE}.Release|Any CPU.Build.0 = Release|Any CPU
		{7649B6A1-7F54-44B2-B720-509B58AF4A19}.Debug|Any CPU.ActiveCfg = Debug|Any CPU
		{7649B6A1-7F54-44B2-B720-509B58AF4A19}.Debug|Any CPU.Build.0 = Debug|Any CPU
		{7649B6A1-7F54-44B2-B720-509B58AF4A19}.Release|Any CPU.ActiveCfg = Release|Any CPU
		{7649B6A1-7F54-44B2-B720-509B58AF4A19}.Release|Any CPU.Build.0 = Release|Any CPU
		{5157AE57-18D4-4D8A-8F1F-F92DC0016771}.Debug|Any CPU.ActiveCfg = Debug|Any CPU
		{5157AE57-18D4-4D8A-8F1F-F92DC0016771}.Debug|Any CPU.Build.0 = Debug|Any CPU
		{5157AE57-18D4-4D8A-8F1F-F92DC0016771}.Release|Any CPU.ActiveCfg = Release|Any CPU
		{5157AE57-18D4-4D8A-8F1F-F92DC0016771}.Release|Any CPU.Build.0 = Release|Any CPU
		{E2A00BE3-085B-42E1-BC2F-E91A43ED162C}.Debug|Any CPU.ActiveCfg = Debug|Any CPU
		{E2A00BE3-085B-42E1-BC2F-E91A43ED162C}.Debug|Any CPU.Build.0 = Debug|Any CPU
		{E2A00BE3-085B-42E1-BC2F-E91A43ED162C}.Release|Any CPU.ActiveCfg = Release|Any CPU
		{E2A00BE3-085B-42E1-BC2F-E91A43ED162C}.Release|Any CPU.Build.0 = Release|Any CPU
	EndGlobalSection
	GlobalSection(SolutionProperties) = preSolution
		HideSolutionNode = FALSE
	EndGlobalSection
EndGlobal
