
Microsoft Visual Studio Solution File, Format Version 12.00
# Visual Studio Version 16
VisualStudioVersion = 16.0.29411.108
MinimumVisualStudioVersion = 10.0.40219.1
Project("{9A19103F-16F7-4668-BE54-9A1E7A4F7556}") = "Argo", "Argo\Argo.csproj", "{728D4336-FDDB-47BB-ADF8-BE70D58FF330}"
EndProject
Project("{9A19103F-16F7-4668-BE54-9A1E7A4F7556}") = "TestRunner", "TestRunner\TestRunner.csproj", "{A8DFA12B-96F5-4AA3-8DA8-7516C23F5B84}"
EndProject
Project("{9A19103F-16F7-4668-BE54-9A1E7A4F7556}") = "Argo.UnitTests", "Argo.UnitTests\Argo.UnitTests.csproj", "{374754EB-CD93-454A-A203-CE5DF7EAD54F}"
EndProject
Project("{FAE04EC0-301F-11D3-BF4B-00C04F79EFBC}") = "Argo.PerfTests", "Argo.PerfTests\Argo.PerfTests.csproj", "{95073D8B-B0F6-48D5-BB0C-E1BB3DF0F318}"
EndProject
Global
	GlobalSection(SolutionConfigurationPlatforms) = preSolution
		Debug|Any CPU = Debug|Any CPU
		Release|Any CPU = Release|Any CPU
	EndGlobalSection
	GlobalSection(ProjectConfigurationPlatforms) = postSolution
		{728D4336-FDDB-47BB-ADF8-BE70D58FF330}.Debug|Any CPU.ActiveCfg = Debug|Any CPU
		{728D4336-FDDB-47BB-ADF8-BE70D58FF330}.Debug|Any CPU.Build.0 = Debug|Any CPU
		{728D4336-FDDB-47BB-ADF8-BE70D58FF330}.Release|Any CPU.ActiveCfg = Release|Any CPU
		{728D4336-FDDB-47BB-ADF8-BE70D58FF330}.Release|Any CPU.Build.0 = Release|Any CPU
		{A8DFA12B-96F5-4AA3-8DA8-7516C23F5B84}.Debug|Any CPU.ActiveCfg = Debug|Any CPU
		{A8DFA12B-96F5-4AA3-8DA8-7516C23F5B84}.Debug|Any CPU.Build.0 = Debug|Any CPU
		{A8DFA12B-96F5-4AA3-8DA8-7516C23F5B84}.Release|Any CPU.ActiveCfg = Release|Any CPU
		{A8DFA12B-96F5-4AA3-8DA8-7516C23F5B84}.Release|Any CPU.Build.0 = Release|Any CPU
		{374754EB-CD93-454A-A203-CE5DF7EAD54F}.Debug|Any CPU.ActiveCfg = Debug|Any CPU
		{374754EB-CD93-454A-A203-CE5DF7EAD54F}.Debug|Any CPU.Build.0 = Debug|Any CPU
		{374754EB-CD93-454A-A203-CE5DF7EAD54F}.Release|Any CPU.ActiveCfg = Release|Any CPU
		{374754EB-CD93-454A-A203-CE5DF7EAD54F}.Release|Any CPU.Build.0 = Release|Any CPU
		{95073D8B-B0F6-48D5-BB0C-E1BB3DF0F318}.Debug|Any CPU.ActiveCfg = Debug|Any CPU
		{95073D8B-B0F6-48D5-BB0C-E1BB3DF0F318}.Debug|Any CPU.Build.0 = Debug|Any CPU
		{95073D8B-B0F6-48D5-BB0C-E1BB3DF0F318}.Release|Any CPU.ActiveCfg = Release|Any CPU
		{95073D8B-B0F6-48D5-BB0C-E1BB3DF0F318}.Release|Any CPU.Build.0 = Release|Any CPU
	EndGlobalSection
	GlobalSection(SolutionProperties) = preSolution
		HideSolutionNode = FALSE
	EndGlobalSection
	GlobalSection(ExtensibilityGlobals) = postSolution
		SolutionGuid = {389AAF21-D3CC-4EE2-94D9-6644C6F52E72}
	EndGlobalSection
EndGlobal
